{
  "requires": true,
  "lockfileVersion": 1,
  "dependencies": {
    "@vuepress-reco/vuepress-plugin-bulletin-popover": {
      "version": "1.6.0",
      "resolved": "http://cmc.centralrepo.rnd.huawei.com/artifactory/api/npm/npm-public/@vuepress-reco/vuepress-plugin-bulletin-popover/-/vuepress-plugin-bulletin-popover-1.6.0.tgz",
      "integrity": "sha512-vMCzvDDXMlzQDADqCwitQetjD0NiQ2skOJ+xXSZWJj/n1Mj4q+eMLDXgFOZ1z6xiNWrDO7CBXGcJIp8kRfAS5g==",
      "dev": true
    }
  }
}
